
Microsoft Visual Studio Solution File, Format Version 12.00
# Visual Studio Version 16
VisualStudioVersion = 16.0.31410.357
MinimumVisualStudioVersion = 10.0.40219.1
Project("{FAE04EC0-301F-11D3-BF4B-00C04F79EFBC}") = "Application MVC", "Application MVC.csproj", "{98C3E7E9-33F8-40D7-8557-CDEFFF12EEA2}"
EndProject
Global
	GlobalSection(SolutionConfigurationPlatforms) = preSolution
		Debug|Any CPU = Debug|Any CPU
		Release|Any CPU = Release|Any CPU
	EndGlobalSection
	GlobalSection(ProjectConfigurationPlatforms) = postSolution
		{98C3E7E9-33F8-40D7-8557-CDEFFF12EEA2}.Debug|Any CPU.ActiveCfg = Debug|Any CPU
		{98C3E7E9-33F8-40D7-8557-CDEFFF12EEA2}.Debug|Any CPU.Build.0 = Debug|Any CPU
		{98C3E7E9-33F8-40D7-8557-CDEFFF12EEA2}.Release|Any CPU.ActiveCfg = Release|Any CPU
		{98C3E7E9-33F8-40D7-8557-CDEFFF12EEA2}.Release|Any CPU.Build.0 = Release|Any CPU
	EndGlobalSection
	GlobalSection(SolutionProperties) = preSolution
		HideSolutionNode = FALSE
	EndGlobalSection
	GlobalSection(ExtensibilityGlobals) = postSolution
		SolutionGuid = {1874CCE4-A6FC-48BF-91E1-B3823CF1D1C8}
	EndGlobalSection
EndGlobal
